
Microsoft Visual Studio Solution File, Format Version 12.00
# Visual Studio Version 17
VisualStudioVersion = 17.14.37314.3
MinimumVisualStudioVersion = 10.0.40219.1
Project("{8BC9CEB8-8B4A-11D0-8D11-00A0C91BC942}") = "SFLMwSTUFF1", "SFLMwSTUFF1\SFLMwSTUFF1.vcxproj", "{50646612-9AA2-429E-A807-FF1F0ECE64AA}"
EndProject
Global
	GlobalSection(SolutionConfigurationPlatforms) = preSolution
		Debug|x64 = Debug|x64
		Debug|x86 = Debug|x86
		Release|x64 = Release|x64
		Release|x86 = Release|x86
	EndGlobalSection
	GlobalSection(ProjectConfigurationPlatforms) = postSolution
		{50646612-9AA2-429E-A807-FF1F0ECE64AA}.Debug|x64.ActiveCfg = Debug|x64
		{50646612-9AA2-429E-A807-FF1F0ECE64AA}.Debug|x64.Build.0 = Debug|x64
		{50646612-9AA2-429E-A807-FF1F0ECE64AA}.Debug|x86.ActiveCfg = Debug|Win32
		{50646612-9AA2-429E-A807-FF1F0ECE64AA}.Debug|x86.Build.0 = Debug|Win32
		{50646612-9AA2-429E-A807-FF1F0ECE64AA}.Release|x64.ActiveCfg = Release|x64
		{50646612-9AA2-429E-A807-FF1F0ECE64AA}.Release|x64.Build.0 = Release|x64
		{50646612-9AA2-429E-A807-FF1F0ECE64AA}.Release|x86.ActiveCfg = Release|Win32
		{50646612-9AA2-429E-A807-FF1F0ECE64AA}.Release|x86.Build.0 = Release|Win32
	EndGlobalSection
	GlobalSection(SolutionProperties) = preSolution
		HideSolutionNode = FALSE
	EndGlobalSection
	GlobalSection(ExtensibilityGlobals) = postSolution
		SolutionGuid = {3BC25ABF-6130-4FAC-9595-5F63581E7A35}
	EndGlobalSection
EndGlobal
